
Microsoft Visual Studio Solution File, Format Version 12.00
# Visual Studio Version 17
VisualStudioVersion = 17.6.33829.357
MinimumVisualStudioVersion = 10.0.40219.1
Project("{FAE04EC0-301F-11D3-BF4B-00C04F79EFBC}") = "CSHARP_tinhchuvidientichhcn", "CSHARP_tinhchuvidientichhcn.csproj", "{57A5F05E-2F20-401B-A151-584E6783F14D}"
EndProject
Global
	GlobalSection(SolutionConfigurationPlatforms) = preSolution
		Debug|Any CPU = Debug|Any CPU
		Release|Any CPU = Release|Any CPU
	EndGlobalSection
	GlobalSection(ProjectConfigurationPlatforms) = postSolution
		{57A5F05E-2F20-401B-A151-584E6783F14D}.Debug|Any CPU.ActiveCfg = Debug|Any CPU
		{57A5F05E-2F20-401B-A151-584E6783F14D}.Debug|Any CPU.Build.0 = Debug|Any CPU
		{57A5F05E-2F20-401B-A151-584E6783F14D}.Release|Any CPU.ActiveCfg = Release|Any CPU
		{57A5F05E-2F20-401B-A151-584E6783F14D}.Release|Any CPU.Build.0 = Release|Any CPU
	EndGlobalSection
	GlobalSection(SolutionProperties) = preSolution
		HideSolutionNode = FALSE
	EndGlobalSection
	GlobalSection(ExtensibilityGlobals) = postSolution
		SolutionGuid = {BBB68E67-A946-49BD-B5A5-37233BE8E91D}
	EndGlobalSection
EndGlobal
